{
  "name": "haeram-spec-creator",
  "version": "0.2.2",
  "lockfileVersion": 3,
  "requires": true,
  "packages": {
    "": {
      "name": "haeram-spec-creator",
      "version": "0.2.2",
      "license": "MIT",
      "bin": {
        "haeram-spec-creator": "bin/haeram-spec-creator.mjs"
      },
      "engines": {
        "node": ">=20"
      }
    }
  }
}
